version = 1
revision = 3
requires-python = ">=3.13"
resolution-markers = [
    "platform_machine == 'x86_64' and sys_platform == 'linux'",
    "platform_machine != 'x86_64' or sys_platform != 'linux'",
]

[[package]]
name = "gcsim-linux-amd64"
version = "0.1.0"
source = { registry = "https://us-west1-python.pkg.dev/gaymer-haus/python-public/simple/" }
sdist = { url = "https://us-west1-python.pkg.dev/gaymer-haus/python-public/gcsim-linux-amd64/gcsim_linux_amd64-0.1.0.tar.gz", hash = "sha256:94168d635c097aee450aaa0f346a6dfeb7b6a7318bdb4ddf076cc5db4a543309" }
wheels = [
    { url = "https://us-west1-python.pkg.dev/gaymer-haus/python-public/gcsim-linux-amd64/gcsim_linux_amd64-0.1.0-py3-none-any.whl", hash = "sha256:15203c9200476f9aedd798e663fe8d8b5866bee4f2dcc452884ee855f1960fe6" },
]

[[package]]
name = "gcsim-run-config"
version = "0.1.14"
source = { editable = "." }
dependencies = [
    { name = "gcsim-linux-amd64", marker = "platform_machine == 'x86_64' and sys_platform == 'linux'" },
    { name = "gcsim-windows-amd64", marker = "platform_machine == 'AMD64' and sys_platform == 'win32'" },
]

[package.metadata]
requires-dist = [
    { name = "gcsim-linux-amd64", marker = "platform_machine == 'x86_64' and sys_platform == 'linux'" },
    { name = "gcsim-windows-amd64", marker = "platform_machine == 'AMD64' and sys_platform == 'win32'" },
]

[[package]]
name = "gcsim-windows-amd64"
version = "0.1.0"
source = { registry = "https://us-west1-python.pkg.dev/gaymer-haus/python-public/simple/" }
sdist = { url = "https://us-west1-python.pkg.dev/gaymer-haus/python-public/gcsim-windows-amd64/gcsim_windows_amd64-0.1.0.tar.gz", hash = "sha256:a8ba094b860433efca45820c3b7baa654a23911145d1cc287efc23c05acd06fe" }
wheels = [
    { url = "https://us-west1-python.pkg.dev/gaymer-haus/python-public/gcsim-windows-amd64/gcsim_windows_amd64-0.1.0-py3-none-any.whl", hash = "sha256:79c24c85eee612f23e60413b0fa14a9d94e4e04c936167eee82a7be85ec42fa8" },
]
