version = 1
revision = 3
requires-python = ">=3.13"
resolution-markers = [
    "platform_machine == 'x86_64' and sys_platform == 'linux'",
]
supported-markers = [
    "platform_machine == 'x86_64' and sys_platform == 'linux'",
]

[[package]]
name = "gcsim-linux-amd64"
version = "0.1.0"
source = { editable = "." }
